dependencies:
- name: grafana
  repository: https://grafana.github.io/helm-charts
  version: 7.0.22
- name: loki
  repository: https://grafana.github.io/helm-charts
  version: 5.41.4
- name: promtail
  repository: https://grafana.github.io/helm-charts
  version: 6.15.3
- name: tempo
  repository: https://grafana.github.io/helm-charts
  version: 1.7.1
- name: prometheus
  repository: https://prometheus-community.github.io/helm-charts
  version: 25.8.2
digest: sha256:7462e7513f5760c631d15d3ed377cde9b9505b34988857cb4ecb3bb44c1c3fac
generated: "2024-01-09T19:20:25.0953628-05:00"
