dependencies:
- name: grafana
  repository: https://grafana.github.io/helm-charts
  version: 7.0.22
- name: loki
  repository: https://grafana.github.io/helm-charts
  version: 5.41.6
- name: promtail
  repository: https://grafana.github.io/helm-charts
  version: 6.15.3
- name: tempo
  repository: https://grafana.github.io/helm-charts
  version: 1.7.1
- name: kube-prometheus
  repository: oci://registry-1.docker.io/bitnamicharts
  version: 8.23.3
- name: thanos
  repository: oci://registry-1.docker.io/bitnamicharts
  version: 12.20.3
digest: sha256:75a8cbc788b8a429d9fc4cd87bc055ed61d51f1c15a2bc6f92784875652c62d6
generated: "2024-01-12T11:22:20.3960482-05:00"
