dependencies:
- name: grafana
  repository: https://grafana.github.io/helm-charts
  version: 7.0.22
- name: loki
  repository: https://grafana.github.io/helm-charts
  version: 5.41.4
- name: promtail
  repository: https://grafana.github.io/helm-charts
  version: 6.15.3
digest: sha256:917d579a90ae532b8a89737e70a44c528f195536f3ef7aac404f89bb40c3b74c
generated: "2024-01-09T13:16:10.4809112-05:00"
